
Microsoft Visual Studio Solution File, Format Version 12.00
# Visual Studio Version 17
VisualStudioVersion = 17.8.34330.188
MinimumVisualStudioVersion = 10.0.40219.1
Project("{9A19103F-16F7-4668-BE54-9A1E7A4F7556}") = "Morafiq", "Morafiq.csproj", "{CED616F6-1DC8-4EA0-B308-E73C6F8E0246}"
EndProject
Global
	GlobalSection(SolutionConfigurationPlatforms) = preSolution
		Debug|Any CPU = Debug|Any CPU
		Release|Any CPU = Release|Any CPU
	EndGlobalSection
	GlobalSection(ProjectConfigurationPlatforms) = postSolution
		{CED616F6-1DC8-4EA0-B308-E73C6F8E0246}.Debug|Any CPU.ActiveCfg = Debug|Any CPU
		{CED616F6-1DC8-4EA0-B308-E73C6F8E0246}.Debug|Any CPU.Build.0 = Debug|Any CPU
		{CED616F6-1DC8-4EA0-B308-E73C6F8E0246}.Release|Any CPU.ActiveCfg = Release|Any CPU
		{CED616F6-1DC8-4EA0-B308-E73C6F8E0246}.Release|Any CPU.Build.0 = Release|Any CPU
	EndGlobalSection
	GlobalSection(SolutionProperties) = preSolution
		HideSolutionNode = FALSE
	EndGlobalSection
	GlobalSection(ExtensibilityGlobals) = postSolution
		SolutionGuid = {237C8900-6654-4E57-A3F7-F3C3E2709E17}
	EndGlobalSection
EndGlobal
